{
  "nodes": {
    "nixpkgs": {
      "locked": {
        "lastModified": 1779560665,
        "narHash": "sha256-tpyBcxPpcQb8ukyNF7DoCwfSY3VPsxHoYwj00Cayv5o=",
        "owner": "NixOS",
        "repo": "nixpkgs",
        "rev": "64c08a7ca051951c8eae34e3e3cb1e202fe36786",
        "type": "github"
      },
      "original": {
        "owner": "NixOS",
        "ref": "nixos-unstable",
        "repo": "nixpkgs",
        "type": "github"
      }
    },
    "root": {
      "inputs": {
        "nixpkgs": "nixpkgs",
        "snx-rs-5": "snx-rs-5"
      }
    },
    "snx-rs-5": {
      "flake": false,
      "locked": {
        "lastModified": 1762968641,
        "narHash": "sha256-LJBLa5SpSaQH/OopkqHPay5AXpeQD6pmvU+2+yeG53I=",
        "owner": "ancwrd1",
        "repo": "snx-rs",
        "rev": "12811be02053f9d1b6fe4d31fd61706d1a765d6f",
        "type": "github"
      },
      "original": {
        "owner": "ancwrd1",
        "ref": "v4.9.0",
        "repo": "snx-rs",
        "type": "github"
      }
    }
  },
  "root": "root",
  "version": 7
}
